
Microsoft Visual Studio Solution File, Format Version 12.00
# Visual Studio 15
VisualStudioVersion = 15.0.27703.2047
MinimumVisualStudioVersion = 10.0.40219.1
Project("{8BC9CEB8-8B4A-11D0-8D11-00A0C91BC942}") = "실습6", "실습6\실습6.vcxproj", "{84A327C7-DDD8-43C7-97C6-8C04613D8CC1}"
EndProject
Project("{8BC9CEB8-8B4A-11D0-8D11-00A0C91BC942}") = "실습5", "Project1\Project1.vcxproj", "{E24632AB-91F3-44C9-88D0-772A6C4928EC}"
EndProject
Project("{8BC9CEB8-8B4A-11D0-8D11-00A0C91BC942}") = "실습4", "실습4\실습4.vcxproj", "{DD869CE3-4A16-488C-9E8E-2BE496F96363}"
EndProject
Project("{8BC9CEB8-8B4A-11D0-8D11-00A0C91BC942}") = "실습3", "실습3\실습3.vcxproj", "{A46F5DCB-A7AE-4E10-BFE1-20BF3CE06783}"
EndProject
Project("{8BC9CEB8-8B4A-11D0-8D11-00A0C91BC942}") = "실습2", "실습2\실습2.vcxproj", "{C1A1ACB6-0ACB-4686-BC7D-BCDAB5CF36E0}"
EndProject
Project("{8BC9CEB8-8B4A-11D0-8D11-00A0C91BC942}") = "실습1", "실습1\실습1.vcxproj", "{E766CF7B-9119-420C-8807-CD50EA53C79F}"
EndProject
Project("{8BC9CEB8-8B4A-11D0-8D11-00A0C91BC942}") = "실습7", "실습7\실습7.vcxproj", "{ABD538E2-DBA4-4E74-B1F2-64402A7D1A30}"
EndProject
Project("{8BC9CEB8-8B4A-11D0-8D11-00A0C91BC942}") = "실습8", "실습8\실습8.vcxproj", "{09D78A20-5721-4E41-9E84-D939824C9F45}"
EndProject
Project("{8BC9CEB8-8B4A-11D0-8D11-00A0C91BC942}") = "실습9", "Project2\Project2.vcxproj", "{82E619D7-867E-4335-A053-0555FC7AD8DD}"
EndProject
Project("{8BC9CEB8-8B4A-11D0-8D11-00A0C91BC942}") = "실습10", "실습10\실습10.vcxproj", "{F011D805-3BE0-472B-B311-A8880C3473D8}"
EndProject
Project("{8BC9CEB8-8B4A-11D0-8D11-00A0C91BC942}") = "3D실습11", "3D실습1\3D실습1.vcxproj", "{DE4E2033-82A8-456E-BD5C-EBA4590EAEB3}"
EndProject
Project("{8BC9CEB8-8B4A-11D0-8D11-00A0C91BC942}") = "3D실습12", "Test\Test.vcxproj", "{4D535A13-C662-4AEA-9DFA-36AD62ACE4F3}"
EndProject
Project("{8BC9CEB8-8B4A-11D0-8D11-00A0C91BC942}") = "3D실습13", "3D실습13\3D실습13.vcxproj", "{AD3E6595-52B6-4F69-9367-898944F6EC11}"
EndProject
Project("{8BC9CEB8-8B4A-11D0-8D11-00A0C91BC942}") = "3D실습14", "3D실습14\3D실습14.vcxproj", "{45CB6A0C-3DEB-4310-A85D-697E29CD8927}"
EndProject
Project("{8BC9CEB8-8B4A-11D0-8D11-00A0C91BC942}") = "3D실습15", "3D실습15\3D실습15.vcxproj", "{2BB7DF76-89DC-4F2A-AC0A-09F18DCE1B0F}"
EndProject
Project("{8BC9CEB8-8B4A-11D0-8D11-00A0C91BC942}") = "3D실습16", "3D실습16\3D실습16.vcxproj", "{1B620CE0-646D-4C78-ADAD-B500CAEE76EB}"
EndProject
Project("{8BC9CEB8-8B4A-11D0-8D11-00A0C91BC942}") = "3D실습17", "3D실습17\3D실습17.vcxproj", "{569BCD2D-950B-4538-9B85-7643E6BE0246}"
EndProject
Project("{8BC9CEB8-8B4A-11D0-8D11-00A0C91BC942}") = "3D실습18", "Project3\Project3.vcxproj", "{45476F51-297D-4E00-B8D9-88BDBAF06DB6}"
EndProject
Project("{8BC9CEB8-8B4A-11D0-8D11-00A0C91BC942}") = "3D실습 19", "3D실습 19\3D실습 19.vcxproj", "{55DC5F97-312A-43FC-A61A-A08225507D2F}"
EndProject
Project("{8BC9CEB8-8B4A-11D0-8D11-00A0C91BC942}") = "3D실습 20", "3D실습 20\3D실습 20.vcxproj", "{18412A70-29BD-435F-9D62-F2164DA7AB78}"
EndProject
Project("{8BC9CEB8-8B4A-11D0-8D11-00A0C91BC942}") = "숙제1", "숙제1\숙제1.vcxproj", "{AFF47B70-E7DF-4CCA-9789-1748B234BBB2}"
EndProject
Project("{8BC9CEB8-8B4A-11D0-8D11-00A0C91BC942}") = "3D실습 21", "3D실습 21\3D실습 21.vcxproj", "{41461ABC-6BBA-4986-BE61-1F0B5615D32C}"
EndProject
Project("{8BC9CEB8-8B4A-11D0-8D11-00A0C91BC942}") = "3D실습 22", "3D실습22\3D실습22.vcxproj", "{D3D41519-EC7E-4211-8B05-5D8D2199DC2B}"
EndProject
Project("{8BC9CEB8-8B4A-11D0-8D11-00A0C91BC942}") = "3D실습 25", "3D실습 25\3D실습 25.vcxproj", "{76C74FA5-2FC6-43A2-B501-8F76F3199CF2}"
EndProject
Project("{8BC9CEB8-8B4A-11D0-8D11-00A0C91BC942}") = "3D실습 26", "3D실습 26\3D실습 26.vcxproj", "{55DC90E5-9DE9-4CD7-B2E3-9D5ED04E2936}"
EndProject
Project("{8BC9CEB8-8B4A-11D0-8D11-00A0C91BC942}") = "3D실습 27", "3D실습 27\3D실습 27.vcxproj", "{947B5070-91E6-4C0D-911A-773E5BF3711A}"
EndProject
Project("{8BC9CEB8-8B4A-11D0-8D11-00A0C91BC942}") = "3D실습 28", "3D실습 28\3D실습 28.vcxproj", "{F56D7EF8-F90D-4C20-973B-8981B06FABD4}"
EndProject
Project("{8BC9CEB8-8B4A-11D0-8D11-00A0C91BC942}") = "3D실습 29", "3D실습 29\3D실습 29.vcxproj", "{F3A9187D-2AC9-4568-B667-832E631A8643}"
EndProject
Global
	GlobalSection(SolutionConfigurationPlatforms) = preSolution
		Debug|x64 = Debug|x64
		Debug|x86 = Debug|x86
		Release|x64 = Release|x64
		Release|x86 = Release|x86
	EndGlobalSection
	GlobalSection(ProjectConfigurationPlatforms) = postSolution
		{84A327C7-DDD8-43C7-97C6-8C04613D8CC1}.Debug|x64.ActiveCfg = Debug|x64
		{84A327C7-DDD8-43C7-97C6-8C04613D8CC1}.Debug|x64.Build.0 = Debug|x64
		{84A327C7-DDD8-43C7-97C6-8C04613D8CC1}.Debug|x86.ActiveCfg = Debug|Win32
		{84A327C7-DDD8-43C7-97C6-8C04613D8CC1}.Debug|x86.Build.0 = Debug|Win32
		{84A327C7-DDD8-43C7-97C6-8C04613D8CC1}.Release|x64.ActiveCfg = Release|x64
		{84A327C7-DDD8-43C7-97C6-8C04613D8CC1}.Release|x64.Build.0 = Release|x64
		{84A327C7-DDD8-43C7-97C6-8C04613D8CC1}.Release|x86.ActiveCfg = Release|Win32
		{84A327C7-DDD8-43C7-97C6-8C04613D8CC1}.Release|x86.Build.0 = Release|Win32
		{E24632AB-91F3-44C9-88D0-772A6C4928EC}.Debug|x64.ActiveCfg = Debug|x64
		{E24632AB-91F3-44C9-88D0-772A6C4928EC}.Debug|x64.Build.0 = Debug|x64
		{E24632AB-91F3-44C9-88D0-772A6C4928EC}.Debug|x86.ActiveCfg = Debug|Win32
		{E24632AB-91F3-44C9-88D0-772A6C4928EC}.Debug|x86.Build.0 = Debug|Win32
		{E24632AB-91F3-44C9-88D0-772A6C4928EC}.Release|x64.ActiveCfg = Release|x64
		{E24632AB-91F3-44C9-88D0-772A6C4928EC}.Release|x64.Build.0 = Release|x64
		{E24632AB-91F3-44C9-88D0-772A6C4928EC}.Release|x86.ActiveCfg = Release|Win32
		{E24632AB-91F3-44C9-88D0-772A6C4928EC}.Release|x86.Build.0 = Release|Win32
		{DD869CE3-4A16-488C-9E8E-2BE496F96363}.Debug|x64.ActiveCfg = Debug|x64
		{DD869CE3-4A16-488C-9E8E-2BE496F96363}.Debug|x64.Build.0 = Debug|x64
		{DD869CE3-4A16-488C-9E8E-2BE496F96363}.Debug|x86.ActiveCfg = Debug|Win32
		{DD869CE3-4A16-488C-9E8E-2BE496F96363}.Debug|x86.Build.0 = Debug|Win32
		{DD869CE3-4A16-488C-9E8E-2BE496F96363}.Release|x64.ActiveCfg = Release|x64
		{DD869CE3-4A16-488C-9E8E-2BE496F96363}.Release|x64.Build.0 = Release|x64
		{DD869CE3-4A16-488C-9E8E-2BE496F96363}.Release|x86.ActiveCfg = Release|Win32
		{DD869CE3-4A16-488C-9E8E-2BE496F96363}.Release|x86.Build.0 = Release|Win32
		{A46F5DCB-A7AE-4E10-BFE1-20BF3CE06783}.Debug|x64.ActiveCfg = Debug|x64
		{A46F5DCB-A7AE-4E10-BFE1-20BF3CE06783}.Debug|x64.Build.0 = Debug|x64
		{A46F5DCB-A7AE-4E10-BFE1-20BF3CE06783}.Debug|x86.ActiveCfg = Debug|Win32
		{A46F5DCB-A7AE-4E10-BFE1-20BF3CE06783}.Debug|x86.Build.0 = Debug|Win32
		{A46F5DCB-A7AE-4E10-BFE1-20BF3CE06783}.Release|x64.ActiveCfg = Release|x64
		{A46F5DCB-A7AE-4E10-BFE1-20BF3CE06783}.Release|x64.Build.0 = Release|x64
		{A46F5DCB-A7AE-4E10-BFE1-20BF3CE06783}.Release|x86.ActiveCfg = Release|Win32
		{A46F5DCB-A7AE-4E10-BFE1-20BF3CE06783}.Release|x86.Build.0 = Release|Win32
		{C1A1ACB6-0ACB-4686-BC7D-BCDAB5CF36E0}.Debug|x64.ActiveCfg = Debug|x64
		{C1A1ACB6-0ACB-4686-BC7D-BCDAB5CF36E0}.Debug|x64.Build.0 = Debug|x64
		{C1A1ACB6-0ACB-4686-BC7D-BCDAB5CF36E0}.Debug|x86.ActiveCfg = Debug|Win32
		{C1A1ACB6-0ACB-4686-BC7D-BCDAB5CF36E0}.Debug|x86.Build.0 = Debug|Win32
		{C1A1ACB6-0ACB-4686-BC7D-BCDAB5CF36E0}.Release|x64.ActiveCfg = Release|x64
		{C1A1ACB6-0ACB-4686-BC7D-BCDAB5CF36E0}.Release|x64.Build.0 = Release|x64
		{C1A1ACB6-0ACB-4686-BC7D-BCDAB5CF36E0}.Release|x86.ActiveCfg = Release|Win32
		{C1A1ACB6-0ACB-4686-BC7D-BCDAB5CF36E0}.Release|x86.Build.0 = Release|Win32
		{E766CF7B-9119-420C-8807-CD50EA53C79F}.Debug|x64.ActiveCfg = Debug|x64
		{E766CF7B-9119-420C-8807-CD50EA53C79F}.Debug|x64.Build.0 = Debug|x64
		{E766CF7B-9119-420C-8807-CD50EA53C79F}.Debug|x86.ActiveCfg = Debug|Win32
		{E766CF7B-9119-420C-8807-CD50EA53C79F}.Debug|x86.Build.0 = Debug|Win32
		{E766CF7B-9119-420C-8807-CD50EA53C79F}.Release|x64.ActiveCfg = Release|x64
		{E766CF7B-9119-420C-8807-CD50EA53C79F}.Release|x64.Build.0 = Release|x64
		{E766CF7B-9119-420C-8807-CD50EA53C79F}.Release|x86.ActiveCfg = Release|Win32
		{E766CF7B-9119-420C-8807-CD50EA53C79F}.Release|x86.Build.0 = Release|Win32
		{ABD538E2-DBA4-4E74-B1F2-64402A7D1A30}.Debug|x64.ActiveCfg = Debug|x64
		{ABD538E2-DBA4-4E74-B1F2-64402A7D1A30}.Debug|x64.Build.0 = Debug|x64
		{ABD538E2-DBA4-4E74-B1F2-64402A7D1A30}.Debug|x86.ActiveCfg = Debug|Win32
		{ABD538E2-DBA4-4E74-B1F2-64402A7D1A30}.Debug|x86.Build.0 = Debug|Win32
		{ABD538E2-DBA4-4E74-B1F2-64402A7D1A30}.Release|x64.ActiveCfg = Release|x64
		{ABD538E2-DBA4-4E74-B1F2-64402A7D1A30}.Release|x64.Build.0 = Release|x64
		{ABD538E2-DBA4-4E74-B1F2-64402A7D1A30}.Release|x86.ActiveCfg = Release|Win32
		{ABD538E2-DBA4-4E74-B1F2-64402A7D1A30}.Release|x86.Build.0 = Release|Win32
		{09D78A20-5721-4E41-9E84-D939824C9F45}.Debug|x64.ActiveCfg = Debug|x64
		{09D78A20-5721-4E41-9E84-D939824C9F45}.Debug|x64.Build.0 = Debug|x64
		{09D78A20-5721-4E41-9E84-D939824C9F45}.Debug|x86.ActiveCfg = Debug|Win32
		{09D78A20-5721-4E41-9E84-D939824C9F45}.Debug|x86.Build.0 = Debug|Win32
		{09D78A20-5721-4E41-9E84-D939824C9F45}.Release|x64.ActiveCfg = Release|x64
		{09D78A20-5721-4E41-9E84-D939824C9F45}.Release|x64.Build.0 = Release|x64
		{09D78A20-5721-4E41-9E84-D939824C9F45}.Release|x86.ActiveCfg = Release|Win32
		{09D78A20-5721-4E41-9E84-D939824C9F45}.Release|x86.Build.0 = Release|Win32
		{82E619D7-867E-4335-A053-0555FC7AD8DD}.Debug|x64.ActiveCfg = Debug|x64
		{82E619D7-867E-4335-A053-0555FC7AD8DD}.Debug|x64.Build.0 = Debug|x64
		{82E619D7-867E-4335-A053-0555FC7AD8DD}.Debug|x86.ActiveCfg = Debug|Win32
		{82E619D7-867E-4335-A053-0555FC7AD8DD}.Debug|x86.Build.0 = Debug|Win32
		{82E619D7-867E-4335-A053-0555FC7AD8DD}.Release|x64.ActiveCfg = Release|x64
		{82E619D7-867E-4335-A053-0555FC7AD8DD}.Release|x64.Build.0 = Release|x64
		{82E619D7-867E-4335-A053-0555FC7AD8DD}.Release|x86.ActiveCfg = Release|Win32
		{82E619D7-867E-4335-A053-0555FC7AD8DD}.Release|x86.Build.0 = Release|Win32
		{F011D805-3BE0-472B-B311-A8880C3473D8}.Debug|x64.ActiveCfg = Debug|x64
		{F011D805-3BE0-472B-B311-A8880C3473D8}.Debug|x64.Build.0 = Debug|x64
		{F011D805-3BE0-472B-B311-A8880C3473D8}.Debug|x86.ActiveCfg = Debug|Win32
		{F011D805-3BE0-472B-B311-A8880C3473D8}.Debug|x86.Build.0 = Debug|Win32
		{F011D805-3BE0-472B-B311-A8880C3473D8}.Release|x64.ActiveCfg = Release|x64
		{F011D805-3BE0-472B-B311-A8880C3473D8}.Release|x64.Build.0 = Release|x64
		{F011D805-3BE0-472B-B311-A8880C3473D8}.Release|x86.ActiveCfg = Release|Win32
		{F011D805-3BE0-472B-B311-A8880C3473D8}.Release|x86.Build.0 = Release|Win32
		{DE4E2033-82A8-456E-BD5C-EBA4590EAEB3}.Debug|x64.ActiveCfg = Debug|x64
		{DE4E2033-82A8-456E-BD5C-EBA4590EAEB3}.Debug|x64.Build.0 = Debug|x64
		{DE4E2033-82A8-456E-BD5C-EBA4590EAEB3}.Debug|x86.ActiveCfg = Debug|Win32
		{DE4E2033-82A8-456E-BD5C-EBA4590EAEB3}.Debug|x86.Build.0 = Debug|Win32
		{DE4E2033-82A8-456E-BD5C-EBA4590EAEB3}.Release|x64.ActiveCfg = Release|x64
		{DE4E2033-82A8-456E-BD5C-EBA4590EAEB3}.Release|x64.Build.0 = Release|x64
		{DE4E2033-82A8-456E-BD5C-EBA4590EAEB3}.Release|x86.ActiveCfg = Release|Win32
		{DE4E2033-82A8-456E-BD5C-EBA4590EAEB3}.Release|x86.Build.0 = Release|Win32
		{4D535A13-C662-4AEA-9DFA-36AD62ACE4F3}.Debug|x64.ActiveCfg = Debug|x64
		{4D535A13-C662-4AEA-9DFA-36AD62ACE4F3}.Debug|x64.Build.0 = Debug|x64
		{4D535A13-C662-4AEA-9DFA-36AD62ACE4F3}.Debug|x86.ActiveCfg = Debug|Win32
		{4D535A13-C662-4AEA-9DFA-36AD62ACE4F3}.Debug|x86.Build.0 = Debug|Win32
		{4D535A13-C662-4AEA-9DFA-36AD62ACE4F3}.Release|x64.ActiveCfg = Release|x64
		{4D535A13-C662-4AEA-9DFA-36AD62ACE4F3}.Release|x64.Build.0 = Release|x64
		{4D535A13-C662-4AEA-9DFA-36AD62ACE4F3}.Release|x86.ActiveCfg = Release|Win32
		{4D535A13-C662-4AEA-9DFA-36AD62ACE4F3}.Release|x86.Build.0 = Release|Win32
		{AD3E6595-52B6-4F69-9367-898944F6EC11}.Debug|x64.ActiveCfg = Debug|x64
		{AD3E6595-52B6-4F69-9367-898944F6EC11}.Debug|x64.Build.0 = Debug|x64
		{AD3E6595-52B6-4F69-9367-898944F6EC11}.Debug|x86.ActiveCfg = Debug|Win32
		{AD3E6595-52B6-4F69-9367-898944F6EC11}.Debug|x86.Build.0 = Debug|Win32
		{AD3E6595-52B6-4F69-9367-898944F6EC11}.Release|x64.ActiveCfg = Release|x64
		{AD3E6595-52B6-4F69-9367-898944F6EC11}.Release|x64.Build.0 = Release|x64
		{AD3E6595-52B6-4F69-9367-898944F6EC11}.Release|x86.ActiveCfg = Release|Win32
		{AD3E6595-52B6-4F69-9367-898944F6EC11}.Release|x86.Build.0 = Release|Win32
		{45CB6A0C-3DEB-4310-A85D-697E29CD8927}.Debug|x64.ActiveCfg = Debug|x64
		{45CB6A0C-3DEB-4310-A85D-697E29CD8927}.Debug|x64.Build.0 = Debug|x64
		{45CB6A0C-3DEB-4310-A85D-697E29CD8927}.Debug|x86.ActiveCfg = Debug|Win32
		{45CB6A0C-3DEB-4310-A85D-697E29CD8927}.Debug|x86.Build.0 = Debug|Win32
		{45CB6A0C-3DEB-4310-A85D-697E29CD8927}.Release|x64.ActiveCfg = Release|x64
		{45CB6A0C-3DEB-4310-A85D-697E29CD8927}.Release|x64.Build.0 = Release|x64
		{45CB6A0C-3DEB-4310-A85D-697E29CD8927}.Release|x86.ActiveCfg = Release|Win32
		{45CB6A0C-3DEB-4310-A85D-697E29CD8927}.Release|x86.Build.0 = Release|Win32
		{2BB7DF76-89DC-4F2A-AC0A-09F18DCE1B0F}.Debug|x64.ActiveCfg = Debug|x64
		{2BB7DF76-89DC-4F2A-AC0A-09F18DCE1B0F}.Debug|x64.Build.0 = Debug|x64
		{2BB7DF76-89DC-4F2A-AC0A-09F18DCE1B0F}.Debug|x86.ActiveCfg = Debug|Win32
		{2BB7DF76-89DC-4F2A-AC0A-09F18DCE1B0F}.Debug|x86.Build.0 = Debug|Win32
		{2BB7DF76-89DC-4F2A-AC0A-09F18DCE1B0F}.Release|x64.ActiveCfg = Release|x64
		{2BB7DF76-89DC-4F2A-AC0A-09F18DCE1B0F}.Release|x64.Build.0 = Release|x64
		{2BB7DF76-89DC-4F2A-AC0A-09F18DCE1B0F}.Release|x86.ActiveCfg = Release|Win32
		{2BB7DF76-89DC-4F2A-AC0A-09F18DCE1B0F}.Release|x86.Build.0 = Release|Win32
		{1B620CE0-646D-4C78-ADAD-B500CAEE76EB}.Debug|x64.ActiveCfg = Debug|x64
		{1B620CE0-646D-4C78-ADAD-B500CAEE76EB}.Debug|x64.Build.0 = Debug|x64
		{1B620CE0-646D-4C78-ADAD-B500CAEE76EB}.Debug|x86.ActiveCfg = Debug|Win32
		{1B620CE0-646D-4C78-ADAD-B500CAEE76EB}.Debug|x86.Build.0 = Debug|Win32
		{1B620CE0-646D-4C78-ADAD-B500CAEE76EB}.Release|x64.ActiveCfg = Release|x64
		{1B620CE0-646D-4C78-ADAD-B500CAEE76EB}.Release|x64.Build.0 = Release|x64
		{1B620CE0-646D-4C78-ADAD-B500CAEE76EB}.Release|x86.ActiveCfg = Release|Win32
		{1B620CE0-646D-4C78-ADAD-B500CAEE76EB}.Release|x86.Build.0 = Release|Win32
		{569BCD2D-950B-4538-9B85-7643E6BE0246}.Debug|x64.ActiveCfg = Debug|x64
		{569BCD2D-950B-4538-9B85-7643E6BE0246}.Debug|x64.Build.0 = Debug|x64
		{569BCD2D-950B-4538-9B85-7643E6BE0246}.Debug|x86.ActiveCfg = Debug|Win32
		{569BCD2D-950B-4538-9B85-7643E6BE0246}.Debug|x86.Build.0 = Debug|Win32
		{569BCD2D-950B-4538-9B85-7643E6BE0246}.Release|x64.ActiveCfg = Release|x64
		{569BCD2D-950B-4538-9B85-7643E6BE0246}.Release|x64.Build.0 = Release|x64
		{569BCD2D-950B-4538-9B85-7643E6BE0246}.Release|x86.ActiveCfg = Release|Win32
		{569BCD2D-950B-4538-9B85-7643E6BE0246}.Release|x86.Build.0 = Release|Win32
		{45476F51-297D-4E00-B8D9-88BDBAF06DB6}.Debug|x64.ActiveCfg = Debug|x64
		{45476F51-297D-4E00-B8D9-88BDBAF06DB6}.Debug|x64.Build.0 = Debug|x64
		{45476F51-297D-4E00-B8D9-88BDBAF06DB6}.Debug|x86.ActiveCfg = Debug|Win32
		{45476F51-297D-4E00-B8D9-88BDBAF06DB6}.Debug|x86.Build.0 = Debug|Win32
		{45476F51-297D-4E00-B8D9-88BDBAF06DB6}.Release|x64.ActiveCfg = Release|x64
		{45476F51-297D-4E00-B8D9-88BDBAF06DB6}.Release|x64.Build.0 = Release|x64
		{45476F51-297D-4E00-B8D9-88BDBAF06DB6}.Release|x86.ActiveCfg = Release|Win32
		{45476F51-297D-4E00-B8D9-88BDBAF06DB6}.Release|x86.Build.0 = Release|Win32
		{55DC5F97-312A-43FC-A61A-A08225507D2F}.Debug|x64.ActiveCfg = Debug|x64
		{55DC5F97-312A-43FC-A61A-A08225507D2F}.Debug|x64.Build.0 = Debug|x64
		{55DC5F97-312A-43FC-A61A-A08225507D2F}.Debug|x86.ActiveCfg = Debug|Win32
		{55DC5F97-312A-43FC-A61A-A08225507D2F}.Debug|x86.Build.0 = Debug|Win32
		{55DC5F97-312A-43FC-A61A-A08225507D2F}.Release|x64.ActiveCfg = Release|x64
		{55DC5F97-312A-43FC-A61A-A08225507D2F}.Release|x64.Build.0 = Release|x64
		{55DC5F97-312A-43FC-A61A-A08225507D2F}.Release|x86.ActiveCfg = Release|Win32
		{55DC5F97-312A-43FC-A61A-A08225507D2F}.Release|x86.Build.0 = Release|Win32
		{18412A70-29BD-435F-9D62-F2164DA7AB78}.Debug|x64.ActiveCfg = Debug|x64
		{18412A70-29BD-435F-9D62-F2164DA7AB78}.Debug|x64.Build.0 = Debug|x64
		{18412A70-29BD-435F-9D62-F2164DA7AB78}.Debug|x86.ActiveCfg = Debug|Win32
		{18412A70-29BD-435F-9D62-F2164DA7AB78}.Debug|x86.Build.0 = Debug|Win32
		{18412A70-29BD-435F-9D62-F2164DA7AB78}.Release|x64.ActiveCfg = Release|x64
		{18412A70-29BD-435F-9D62-F2164DA7AB78}.Release|x64.Build.0 = Release|x64
		{18412A70-29BD-435F-9D62-F2164DA7AB78}.Release|x86.ActiveCfg = Release|Win32
		{18412A70-29BD-435F-9D62-F2164DA7AB78}.Release|x86.Build.0 = Release|Win32
		{AFF47B70-E7DF-4CCA-9789-1748B234BBB2}.Debug|x64.ActiveCfg = Debug|x64
		{AFF47B70-E7DF-4CCA-9789-1748B234BBB2}.Debug|x64.Build.0 = Debug|x64
		{AFF47B70-E7DF-4CCA-9789-1748B234BBB2}.Debug|x86.ActiveCfg = Debug|Win32
		{AFF47B70-E7DF-4CCA-9789-1748B234BBB2}.Debug|x86.Build.0 = Debug|Win32
		{AFF47B70-E7DF-4CCA-9789-1748B234BBB2}.Release|x64.ActiveCfg = Release|x64
		{AFF47B70-E7DF-4CCA-9789-1748B234BBB2}.Release|x64.Build.0 = Release|x64
		{AFF47B70-E7DF-4CCA-9789-1748B234BBB2}.Release|x86.ActiveCfg = Release|Win32
		{AFF47B70-E7DF-4CCA-9789-1748B234BBB2}.Release|x86.Build.0 = Release|Win32
		{41461ABC-6BBA-4986-BE61-1F0B5615D32C}.Debug|x64.ActiveCfg = Debug|x64
		{41461ABC-6BBA-4986-BE61-1F0B5615D32C}.Debug|x64.Build.0 = Debug|x64
		{41461ABC-6BBA-4986-BE61-1F0B5615D32C}.Debug|x86.ActiveCfg = Debug|Win32
		{41461ABC-6BBA-4986-BE61-1F0B5615D32C}.Debug|x86.Build.0 = Debug|Win32
		{41461ABC-6BBA-4986-BE61-1F0B5615D32C}.Release|x64.ActiveCfg = Release|x64
		{41461ABC-6BBA-4986-BE61-1F0B5615D32C}.Release|x64.Build.0 = Release|x64
		{41461ABC-6BBA-4986-BE61-1F0B5615D32C}.Release|x86.ActiveCfg = Release|Win32
		{41461ABC-6BBA-4986-BE61-1F0B5615D32C}.Release|x86.Build.0 = Release|Win32
		{D3D41519-EC7E-4211-8B05-5D8D2199DC2B}.Debug|x64.ActiveCfg = Debug|x64
		{D3D41519-EC7E-4211-8B05-5D8D2199DC2B}.Debug|x64.Build.0 = Debug|x64
		{D3D41519-EC7E-4211-8B05-5D8D2199DC2B}.Debug|x86.ActiveCfg = Debug|Win32
		{D3D41519-EC7E-4211-8B05-5D8D2199DC2B}.Debug|x86.Build.0 = Debug|Win32
		{D3D41519-EC7E-4211-8B05-5D8D2199DC2B}.Release|x64.ActiveCfg = Release|x64
		{D3D41519-EC7E-4211-8B05-5D8D2199DC2B}.Release|x64.Build.0 = Release|x64
		{D3D41519-EC7E-4211-8B05-5D8D2199DC2B}.Release|x86.ActiveCfg = Release|Win32
		{D3D41519-EC7E-4211-8B05-5D8D2199DC2B}.Release|x86.Build.0 = Release|Win32
		{76C74FA5-2FC6-43A2-B501-8F76F3199CF2}.Debug|x64.ActiveCfg = Debug|x64
		{76C74FA5-2FC6-43A2-B501-8F76F3199CF2}.Debug|x64.Build.0 = Debug|x64
		{76C74FA5-2FC6-43A2-B501-8F76F3199CF2}.Debug|x86.ActiveCfg = Debug|Win32
		{76C74FA5-2FC6-43A2-B501-8F76F3199CF2}.Debug|x86.Build.0 = Debug|Win32
		{76C74FA5-2FC6-43A2-B501-8F76F3199CF2}.Release|x64.ActiveCfg = Release|x64
		{76C74FA5-2FC6-43A2-B501-8F76F3199CF2}.Release|x64.Build.0 = Release|x64
		{76C74FA5-2FC6-43A2-B501-8F76F3199CF2}.Release|x86.ActiveCfg = Release|Win32
		{76C74FA5-2FC6-43A2-B501-8F76F3199CF2}.Release|x86.Build.0 = Release|Win32
		{55DC90E5-9DE9-4CD7-B2E3-9D5ED04E2936}.Debug|x64.ActiveCfg = Debug|x64
		{55DC90E5-9DE9-4CD7-B2E3-9D5ED04E2936}.Debug|x64.Build.0 = Debug|x64
		{55DC90E5-9DE9-4CD7-B2E3-9D5ED04E2936}.Debug|x86.ActiveCfg = Debug|Win32
		{55DC90E5-9DE9-4CD7-B2E3-9D5ED04E2936}.Debug|x86.Build.0 = Debug|Win32
		{55DC90E5-9DE9-4CD7-B2E3-9D5ED04E2936}.Release|x64.ActiveCfg = Release|x64
		{55DC90E5-9DE9-4CD7-B2E3-9D5ED04E2936}.Release|x64.Build.0 = Release|x64
		{55DC90E5-9DE9-4CD7-B2E3-9D5ED04E2936}.Release|x86.ActiveCfg = Release|Win32
		{55DC90E5-9DE9-4CD7-B2E3-9D5ED04E2936}.Release|x86.Build.0 = Release|Win32
		{947B5070-91E6-4C0D-911A-773E5BF3711A}.Debug|x64.ActiveCfg = Debug|x64
		{947B5070-91E6-4C0D-911A-773E5BF3711A}.Debug|x64.Build.0 = Debug|x64
		{947B5070-91E6-4C0D-911A-773E5BF3711A}.Debug|x86.ActiveCfg = Debug|Win32
		{947B5070-91E6-4C0D-911A-773E5BF3711A}.Debug|x86.Build.0 = Debug|Win32
		{947B5070-91E6-4C0D-911A-773E5BF3711A}.Release|x64.ActiveCfg = Release|x64
		{947B5070-91E6-4C0D-911A-773E5BF3711A}.Release|x64.Build.0 = Release|x64
		{947B5070-91E6-4C0D-911A-773E5BF3711A}.Release|x86.ActiveCfg = Release|Win32
		{947B5070-91E6-4C0D-911A-773E5BF3711A}.Release|x86.Build.0 = Release|Win32
		{F56D7EF8-F90D-4C20-973B-8981B06FABD4}.Debug|x64.ActiveCfg = Debug|x64
		{F56D7EF8-F90D-4C20-973B-8981B06FABD4}.Debug|x64.Build.0 = Debug|x64
		{F56D7EF8-F90D-4C20-973B-8981B06FABD4}.Debug|x86.ActiveCfg = Debug|Win32
		{F56D7EF8-F90D-4C20-973B-8981B06FABD4}.Debug|x86.Build.0 = Debug|Win32
		{F56D7EF8-F90D-4C20-973B-8981B06FABD4}.Release|x64.ActiveCfg = Release|x64
		{F56D7EF8-F90D-4C20-973B-8981B06FABD4}.Release|x64.Build.0 = Release|x64
		{F56D7EF8-F90D-4C20-973B-8981B06FABD4}.Release|x86.ActiveCfg = Release|Win32
		{F56D7EF8-F90D-4C20-973B-8981B06FABD4}.Release|x86.Build.0 = Release|Win32
		{F3A9187D-2AC9-4568-B667-832E631A8643}.Debug|x64.ActiveCfg = Debug|x64
		{F3A9187D-2AC9-4568-B667-832E631A8643}.Debug|x64.Build.0 = Debug|x64
		{F3A9187D-2AC9-4568-B667-832E631A8643}.Debug|x86.ActiveCfg = Debug|Win32
		{F3A9187D-2AC9-4568-B667-832E631A8643}.Debug|x86.Build.0 = Debug|Win32
		{F3A9187D-2AC9-4568-B667-832E631A8643}.Release|x64.ActiveCfg = Release|x64
		{F3A9187D-2AC9-4568-B667-832E631A8643}.Release|x64.Build.0 = Release|x64
		{F3A9187D-2AC9-4568-B667-832E631A8643}.Release|x86.ActiveCfg = Release|Win32
		{F3A9187D-2AC9-4568-B667-832E631A8643}.Release|x86.Build.0 = Release|Win32
	EndGlobalSection
	GlobalSection(SolutionProperties) = preSolution
		HideSolutionNode = FALSE
	EndGlobalSection
	GlobalSection(ExtensibilityGlobals) = postSolution
		SolutionGuid = {6AF994B2-5314-4918-8E40-D25D3058B64C}
	EndGlobalSection
EndGlobal
